// !$*UTF8*$!
{
	archiveVersion = 1;
	classes = {
	};
	objectVersion = 56;
	objects = {

/* Begin PBXBuildFile section */
		4015EC012AA7190D005DDFF6 /* AppDelegate.swift in Sources */ = {isa = PBXBuildFile; fileRef = 4015EC002AA7190D005DDFF6 /* AppDelegate.swift */; };
		4015EC032AA7190D005DDFF6 /* SceneDelegate.swift in Sources */ = {isa = PBXBuildFile; fileRef = 4015EC022AA7190D005DDFF6 /* SceneDelegate.swift */; };
		4015EC052AA7190D005DDFF6 /* ViewController.swift in Sources */ = {isa = PBXBuildFile; fileRef = 4015EC042AA7190D005DDFF6 /* ViewController.swift */; };
		4015EC082AA7190D005DDFF6 /* Main.storyboard in Resources */ = {isa = PBXBuildFile; fileRef = 4015EC062AA7190D005DDFF6 /* Main.storyboard */; };
		4015EC0B2AA7190D005DDFF6 /* photoApp.xcdatamodeld in Sources */ = {isa = PBXBuildFile; fileRef = 4015EC092AA7190D005DDFF6 /* photoApp.xcdatamodeld */; };
		4015EC0D2AA7190D005DDFF6 /* Assets.xcassets in Resources */ = {isa = PBXBuildFile; fileRef = 4015EC0C2AA7190D005DDFF6 /* Assets.xcassets */; };
		4015EC102AA7190D005DDFF6 /* LaunchScreen.storyboard in Resources */ = {isa = PBXBuildFile; fileRef = 4015EC0E2AA7190D005DDFF6 /* LaunchScreen.storyboard */; };
		4015EC182AA71A65005DDFF6 /* GoogleService-Info.plist in Resources */ = {isa = PBXBuildFile; fileRef = 4015EC172AA71A65005DDFF6 /* GoogleService-Info.plist */; };
		4052E51E2AA9FDE7002C5C66 /* Post.swift in Sources */ = {isa = PBXBuildFile; fileRef = 4052E51D2AA9FDE7002C5C66 /* Post.swift */; };
		409861E62AA748B5004B70AB /* feedViewController.swift in Sources */ = {isa = PBXBuildFile; fileRef = 409861E52AA748B5004B70AB /* feedViewController.swift */; };
		409861E82AA748D2004B70AB /* settingsViewController.swift in Sources */ = {isa = PBXBuildFile; fileRef = 409861E72AA748D2004B70AB /* settingsViewController.swift */; };
		409861EA2AA748E9004B70AB /* uploadViewController.swift in Sources */ = {isa = PBXBuildFile; fileRef = 409861E92AA748E9004B70AB /* uploadViewController.swift */; };
		40AC2C972AA8D2A00012AD18 /* feedCell.swift in Sources */ = {isa = PBXBuildFile; fileRef = 40AC2C962AA8D2A00012AD18 /* feedCell.swift */; };
		57F2A9AD9620C76636418B0D /* Pods_photoApp.framework in Frameworks */ = {isa = PBXBuildFile; fileRef = F25BE1831B9A9827B3F1046B /* Pods_photoApp.framework */; };
/* End PBXBuildFile section */

/* Begin PBXFileReference section */
		4015EBFD2AA7190D005DDFF6 /* photoApp.app */ = {isa = PBXFileReference; explicitFileType = wrapper.application; includeInIndex = 0; path = photoApp.app; sourceTree = BUILT_PRODUCTS_DIR; };
		4015EC002AA7190D005DDFF6 /* AppDelegate.swift */ = {isa = PBXFileReference; lastKnownFileType = sourcecode.swift; path = AppDelegate.swift; sourceTree = "<group>"; };
		4015EC022AA7190D005DDFF6 /* SceneDelegate.swift */ = {isa = PBXFileReference; lastKnownFileType = sourcecode.swift; path = SceneDelegate.swift; sourceTree = "<group>"; };
		4015EC042AA7190D005DDFF6 /* ViewController.swift */ = {isa = PBXFileReference; lastKnownFileType = sourcecode.swift; path = ViewController.swift; sourceTree = "<group>"; };
		4015EC072AA7190D005DDFF6 /* Base */ = {isa = PBXFileReference; lastKnownFileType = file.storyboard; name = Base; path = Base.lproj/Main.storyboard; sourceTree = "<group>"; };
		4015EC0A2AA7190D005DDFF6 /* photoApp.xcdatamodel */ = {isa = PBXFileReference; lastKnownFileType = wrapper.xcdatamodel; path = photoApp.xcdatamodel; sourceTree = "<group>"; };
		4015EC0C2AA7190D005DDFF6 /* Assets.xcassets */ = {isa = PBXFileReference; lastKnownFileType = folder.assetcatalog; path = Assets.xcassets; sourceTree = "<group>"; };
		4015EC0F2AA7190D005DDFF6 /* Base */ = {isa = PBXFileReference; lastKnownFileType = file.storyboard; name = Base; path = Base.lproj/LaunchScreen.storyboard; sourceTree = "<group>"; };
		4015EC112AA7190D005DDFF6 /* Info.plist */ = {isa = PBXFileReference; lastKnownFileType = text.plist.xml; path = Info.plist; sourceTree = "<group>"; };
		4015EC172AA71A65005DDFF6 /* GoogleService-Info.plist */ = {isa = PBXFileReference; fileEncoding = 4; lastKnownFileType = text.plist.xml; path = "GoogleService-Info.plist"; sourceTree = "<group>"; };
		4052E51D2AA9FDE7002C5C66 /* Post.swift */ = {isa = PBXFileReference; lastKnownFileType = sourcecode.swift; path = Post.swift; sourceTree = "<group>"; };
		409861E52AA748B5004B70AB /* feedViewController.swift */ = {isa = PBXFileReference; lastKnownFileType = sourcecode.swift; path = feedViewController.swift; sourceTree = "<group>"; };
		409861E72AA748D2004B70AB /* settingsViewController.swift */ = {isa = PBXFileReference; lastKnownFileType = sourcecode.swift; path = settingsViewController.swift; sourceTree = "<group>"; };
		409861E92AA748E9004B70AB /* uploadViewController.swift */ = {isa = PBXFileReference; lastKnownFileType = sourcecode.swift; path = uploadViewController.swift; sourceTree = "<group>"; };
		40AC2C962AA8D2A00012AD18 /* feedCell.swift */ = {isa = PBXFileReference; lastKnownFileType = sourcecode.swift; path = feedCell.swift; sourceTree = "<group>"; };
		45752E343ABEBAE0D71B63D2 /* Pods-photoApp.debug.xcconfig */ = {isa = PBXFileReference; includeInIndex = 1; lastKnownFileType = text.xcconfig; name = "Pods-photoApp.debug.xcconfig"; path = "Target Support Files/Pods-photoApp/Pods-photoApp.debug.xcconfig"; sourceTree = "<group>"; };
		C53AEC3CC78122AE56B919B5 /* Pods-photoApp.release.xcconfig */ = {isa = PBXFileReference; includeInIndex = 1; lastKnownFileType = text.xcconfig; name = "Pods-photoApp.release.xcconfig"; path = "Target Support Files/Pods-photoApp/Pods-photoApp.release.xcconfig"; sourceTree = "<group>"; };
		F25BE1831B9A9827B3F1046B /* Pods_photoApp.framework */ = {isa = PBXFileReference; explicitFileType = wrapper.framework; includeInIndex = 0; path = Pods_photoApp.framework; sourceTree = BUILT_PRODUCTS_DIR; };
/* End PBXFileReference section */

/* Begin PBXFrameworksBuildPhase section */
		4015EBFA2AA7190D005DDFF6 /* Frameworks */ = {
			isa = PBXFrameworksBuildPhase;
			buildActionMask = 2147483647;
			files = (
				57F2A9AD9620C76636418B0D /* Pods_photoApp.framework in Frameworks */,
			);
			runOnlyForDeploymentPostprocessing = 0;
		};
/* End PBXFrameworksBuildPhase section */

/* Begin PBXGroup section */
		4015EBF42AA7190D005DDFF6 = {
			isa = PBXGroup;
			children = (
				4015EBFF2AA7190D005DDFF6 /* photoApp */,
				4015EBFE2AA7190D005DDFF6 /* Products */,
				F69875A3D33DD8CCA8754D2C /* Pods */,
				D2F40D014639A0F644174EB2 /* Frameworks */,
			);
			sourceTree = "<group>";
		};
		4015EBFE2AA7190D005DDFF6 /* Products */ = {
			isa = PBXGroup;
			children = (
				4015EBFD2AA7190D005DDFF6 /* photoApp.app */,
			);
			name = Products;
			sourceTree = "<group>";
		};
		4015EBFF2AA7190D005DDFF6 /* photoApp */ = {
			isa = PBXGroup;
			children = (
				4015EC002AA7190D005DDFF6 /* AppDelegate.swift */,
				4015EC022AA7190D005DDFF6 /* SceneDelegate.swift */,
				4015EC042AA7190D005DDFF6 /* ViewController.swift */,
				4015EC062AA7190D005DDFF6 /* Main.storyboard */,
				4015EC0C2AA7190D005DDFF6 /* Assets.xcassets */,
				4015EC0E2AA7190D005DDFF6 /* LaunchScreen.storyboard */,
				4015EC112AA7190D005DDFF6 /* Info.plist */,
				4015EC172AA71A65005DDFF6 /* GoogleService-Info.plist */,
				4015EC092AA7190D005DDFF6 /* photoApp.xcdatamodeld */,
				409861E52AA748B5004B70AB /* feedViewController.swift */,
				409861E72AA748D2004B70AB /* settingsViewController.swift */,
				409861E92AA748E9004B70AB /* uploadViewController.swift */,
				40AC2C962AA8D2A00012AD18 /* feedCell.swift */,
				4052E51D2AA9FDE7002C5C66 /* Post.swift */,
			);
			path = photoApp;
			sourceTree = "<group>";
		};
		D2F40D014639A0F644174EB2 /* Frameworks */ = {
			isa = PBXGroup;
			children = (
				F25BE1831B9A9827B3F1046B /* Pods_photoApp.framework */,
			);
			name = Frameworks;
			sourceTree = "<group>";
		};
		F69875A3D33DD8CCA8754D2C /* Pods */ = {
			isa = PBXGroup;
			children = (
				45752E343ABEBAE0D71B63D2 /* Pods-photoApp.debug.xcconfig */,
				C53AEC3CC78122AE56B919B5 /* Pods-photoApp.release.xcconfig */,
			);
			path = Pods;
			sourceTree = "<group>";
		};
/* End PBXGroup section */

/* Begin PBXNativeTarget section */
		4015EBFC2AA7190D005DDFF6 /* photoApp */ = {
			isa = PBXNativeTarget;
			buildConfigurationList = 4015EC142AA7190D005DDFF6 /* Build configuration list for PBXNativeTarget "photoApp" */;
			buildPhases = (
				3199337D63E85E67A683912B /* [CP] Check Pods Manifest.lock */,
				4015EBF92AA7190D005DDFF6 /* Sources */,
				4015EBFA2AA7190D005DDFF6 /* Frameworks */,
				4015EBFB2AA7190D005DDFF6 /* Resources */,
				4625BF1A1A3625E24429FC22 /* [CP] Embed Pods Frameworks */,
			);
			buildRules = (
			);
			dependencies = (
			);
			name = photoApp;
			productName = photoApp;
			productReference = 4015EBFD2AA7190D005DDFF6 /* photoApp.app */;
			productType = "com.apple.product-type.application";
		};
/* End PBXNativeTarget section */

/* Begin PBXProject section */
		4015EBF52AA7190D005DDFF6 /* Project object */ = {
			isa = PBXProject;
			attributes = {
				BuildIndependentTargetsInParallel = 1;
				LastSwiftUpdateCheck = 1430;
				LastUpgradeCheck = 1430;
				TargetAttributes = {
					4015EBFC2AA7190D005DDFF6 = {
						CreatedOnToolsVersion = 14.3.1;
					};
				};
			};
			buildConfigurationList = 4015EBF82AA7190D005DDFF6 /* Build configuration list for PBXProject "photoApp" */;
			compatibilityVersion = "Xcode 14.0";
			developmentRegion = en;
			hasScannedForEncodings = 0;
			knownRegions = (
				en,
				Base,
			);
			mainGroup = 4015EBF42AA7190D005DDFF6;
			productRefGroup = 4015EBFE2AA7190D005DDFF6 /* Products */;
			projectDirPath = "";
			projectRoot = "";
			targets = (
				4015EBFC2AA7190D005DDFF6 /* photoApp */,
			);
		};
/* End PBXProject section */

/* Begin PBXResourcesBuildPhase section */
		4015EBFB2AA7190D005DDFF6 /* Resources */ = {
			isa = PBXResourcesBuildPhase;
			buildActionMask = 2147483647;
			files = (
				4015EC102AA7190D005DDFF6 /* LaunchScreen.storyboard in Resources */,
				4015EC182AA71A65005DDFF6 /* GoogleService-Info.plist in Resources */,
				4015EC0D2AA7190D005DDFF6 /* Assets.xcassets in Resources */,
				4015EC082AA7190D005DDFF6 /* Main.storyboard in Resources */,
			);
			runOnlyForDeploymentPostprocessing = 0;
		};
/* End PBXResourcesBuildPhase section */

/* Begin PBXShellScriptBuildPhase section */
		3199337D63E85E67A683912B /* [CP] Check Pods Manifest.lock */ = {
			isa = PBXShellScriptBuildPhase;
			buildActionMask = 2147483647;
			files = (
			);
			inputFileListPaths = (
			);
			inputPaths = (
				"${PODS_PODFILE_DIR_PATH}/Podfile.lock",
				"${PODS_ROOT}/Manifest.lock",
			);
			name = "[CP] Check Pods Manifest.lock";
			outputFileListPaths = (
			);
			outputPaths = (
				"$(DERIVED_FILE_DIR)/Pods-photoApp-checkManifestLockResult.txt",
			);
			runOnlyForDeploymentPostprocessing = 0;
			shellPath = /bin/sh;
			shellScript = "diff \"${PODS_PODFILE_DIR_PATH}/Podfile.lock\" \"${PODS_ROOT}/Manifest.lock\" > /dev/null\nif [ $? != 0 ] ; then\n    # print error to STDERR\n    echo \"error: The sandbox is not in sync with the Podfile.lock. Run 'pod install' or update your CocoaPods installation.\" >&2\n    exit 1\nfi\n# This output is used by Xcode 'outputs' to avoid re-running this script phase.\necho \"SUCCESS\" > \"${SCRIPT_OUTPUT_FILE_0}\"\n";
			showEnvVarsInLog = 0;
		};
		4625BF1A1A3625E24429FC22 /* [CP] Embed Pods Frameworks */ = {
			isa = PBXShellScriptBuildPhase;
			buildActionMask = 2147483647;
			files = (
			);
			inputFileListPaths = (
				"${PODS_ROOT}/Target Support Files/Pods-photoApp/Pods-photoApp-frameworks-${CONFIGURATION}-input-files.xcfilelist",
			);
			name = "[CP] Embed Pods Frameworks";
			outputFileListPaths = (
				"${PODS_ROOT}/Target Support Files/Pods-photoApp/Pods-photoApp-frameworks-${CONFIGURATION}-output-files.xcfilelist",
			);
			runOnlyForDeploymentPostprocessing = 0;
			shellPath = /bin/sh;
			shellScript = "\"${PODS_ROOT}/Target Support Files/Pods-photoApp/Pods-photoApp-frameworks.sh\"\n";
			showEnvVarsInLog = 0;
		};
/* End PBXShellScriptBuildPhase section */

/* Begin PBXSourcesBuildPhase section */
		4015EBF92AA7190D005DDFF6 /* Sources */ = {
			isa = PBXSourcesBuildPhase;
			buildActionMask = 2147483647;
			files = (
				409861EA2AA748E9004B70AB /* uploadViewController.swift in Sources */,
				409861E62AA748B5004B70AB /* feedViewController.swift in Sources */,
				4015EC0B2AA7190D005DDFF6 /* photoApp.xcdatamodeld in Sources */,
				4015EC052AA7190D005DDFF6 /* ViewController.swift in Sources */,
				4015EC012AA7190D005DDFF6 /* AppDelegate.swift in Sources */,
				40AC2C972AA8D2A00012AD18 /* feedCell.swift in Sources */,
				4052E51E2AA9FDE7002C5C66 /* Post.swift in Sources */,
				4015EC032AA7190D005DDFF6 /* SceneDelegate.swift in Sources */,
				409861E82AA748D2004B70AB /* settingsViewController.swift in Sources */,
			);
			runOnlyForDeploymentPostprocessing = 0;
		};
/* End PBXSourcesBuildPhase section */

/* Begin PBXVariantGroup section */
		4015EC062AA7190D005DDFF6 /* Main.storyboard */ = {
			isa = PBXVariantGroup;
			children = (
				4015EC072AA7190D005DDFF6 /* Base */,
			);
			name = Main.storyboard;
			sourceTree = "<group>";
		};
		4015EC0E2AA7190D005DDFF6 /* LaunchScreen.storyboard */ = {
			isa = PBXVariantGroup;
			children = (
				4015EC0F2AA7190D005DDFF6 /* Base */,
			);
			name = LaunchScreen.storyboard;
			sourceTree = "<group>";
		};
/* End PBXVariantGroup section */

/* Begin XCBuildConfiguration section */
		4015EC122AA7190D005DDFF6 /* Debug */ = {
			isa = XCBuildConfiguration;
			buildSettings = {
				ALWAYS_SEARCH_USER_PATHS = NO;
				CLANG_ANALYZER_NONNULL = YES;
				CLANG_ANALYZER_NUMBER_OBJECT_CONVERSION = YES_AGGRESSIVE;
				CLANG_CXX_LANGUAGE_STANDARD = "gnu++20";
				CLANG_ENABLE_MODULES = YES;
				CLANG_ENABLE_OBJC_ARC = YES;
				CLANG_ENABLE_OBJC_WEAK = YES;
				CLANG_WARN_BLOCK_CAPTURE_AUTORELEASING = YES;
				CLANG_WARN_BOOL_CONVERSION = YES;
				CLANG_WARN_COMMA = YES;
				CLANG_WARN_CONSTANT_CONVERSION = YES;
				CLANG_WARN_DEPRECATED_OBJC_IMPLEMENTATIONS = YES;
				CLANG_WARN_DIRECT_OBJC_ISA_USAGE = YES_ERROR;
				CLANG_WARN_DOCUMENTATION_COMMENTS = YES;
				CLANG_WARN_EMPTY_BODY = YES;
				CLANG_WARN_ENUM_CONVERSION = YES;
				CLANG_WARN_INFINITE_RECURSION = YES;
				CLANG_WARN_INT_CONVERSION = YES;
				CLANG_WARN_NON_LITERAL_NULL_CONVERSION = YES;
				CLANG_WARN_OBJC_IMPLICIT_RETAIN_SELF = YES;
				CLANG_WARN_OBJC_LITERAL_CONVERSION = YES;
				CLANG_WARN_OBJC_ROOT_CLASS = YES_ERROR;
				CLANG_WARN_QUOTED_INCLUDE_IN_FRAMEWORK_HEADER = YES;
				CLANG_WARN_RANGE_LOOP_ANALYSIS = YES;
				CLANG_WARN_STRICT_PROTOTYPES = YES;
				CLANG_WARN_SUSPICIOUS_MOVE = YES;
				CLANG_WARN_UNGUARDED_AVAILABILITY = YES_AGGRESSIVE;
				CLANG_WARN_UNREACHABLE_CODE = YES;
				CLANG_WARN__DUPLICATE_METHOD_MATCH = YES;
				COPY_PHASE_STRIP = NO;
				DEBUG_INFORMATION_FORMAT = dwarf;
				ENABLE_STRICT_OBJC_MSGSEND = YES;
				ENABLE_TESTABILITY = YES;
				GCC_C_LANGUAGE_STANDARD = gnu11;
				GCC_DYNAMIC_NO_PIC = NO;
				GCC_NO_COMMON_BLOCKS = YES;
				GCC_OPTIMIZATION_LEVEL = 0;
				GCC_PREPROCESSOR_DEFINITIONS = (
					"DEBUG=1",
					"$(inherited)",
				);
				GCC_WARN_64_TO_32_BIT_CONVERSION = YES;
				GCC_WARN_ABOUT_RETURN_TYPE = YES_ERROR;
				GCC_WARN_UNDECLARED_SELECTOR = YES;
				GCC_WARN_UNINITIALIZED_AUTOS = YES_AGGRESSIVE;
				GCC_WARN_UNUSED_FUNCTION = YES;
				GCC_WARN_UNUSED_VARIABLE = YES;
				IPHONEOS_DEPLOYMENT_TARGET = 16.4;
				MTL_ENABLE_DEBUG_INFO = INCLUDE_SOURCE;
				MTL_FAST_MATH = YES;
				ONLY_ACTIVE_ARCH = YES;
				SDKROOT = iphoneos;
				SWIFT_ACTIVE_COMPILATION_CONDITIONS = DEBUG;
				SWIFT_OPTIMIZATION_LEVEL = "-Onone";
			};
			name = Debug;
		};
		4015EC132AA7190D005DDFF6 /* Release */ = {
			isa = XCBuildConfiguration;
			buildSettings = {
				ALWAYS_SEARCH_USER_PATHS = NO;
				CLANG_ANALYZER_NONNULL = YES;
				CLANG_ANALYZER_NUMBER_OBJECT_CONVERSION = YES_AGGRESSIVE;
				CLANG_CXX_LANGUAGE_STANDARD = "gnu++20";
				CLANG_ENABLE_MODULES = YES;
				CLANG_ENABLE_OBJC_ARC = YES;
				CLANG_ENABLE_OBJC_WEAK = YES;
				CLANG_WARN_BLOCK_CAPTURE_AUTORELEASING = YES;
				CLANG_WARN_BOOL_CONVERSION = YES;
				CLANG_WARN_COMMA = YES;
				CLANG_WARN_CONSTANT_CONVERSION = YES;
				CLANG_WARN_DEPRECATED_OBJC_IMPLEMENTATIONS = YES;
				CLANG_WARN_DIRECT_OBJC_ISA_USAGE = YES_ERROR;
				CLANG_WARN_DOCUMENTATION_COMMENTS = YES;
				CLANG_WARN_EMPTY_BODY = YES;
				CLANG_WARN_ENUM_CONVERSION = YES;
				CLANG_WARN_INFINITE_RECURSION = YES;
				CLANG_WARN_INT_CONVERSION = YES;
				CLANG_WARN_NON_LITERAL_NULL_CONVERSION = YES;
				CLANG_WARN_OBJC_IMPLICIT_RETAIN_SELF = YES;
				CLANG_WARN_OBJC_LITERAL_CONVERSION = YES;
				CLANG_WARN_OBJC_ROOT_CLASS = YES_ERROR;
				CLANG_WARN_QUOTED_INCLUDE_IN_FRAMEWORK_HEADER = YES;
				CLANG_WARN_RANGE_LOOP_ANALYSIS = YES;
				CLANG_WARN_STRICT_PROTOTYPES = YES;
				CLANG_WARN_SUSPICIOUS_MOVE = YES;
				CLANG_WARN_UNGUARDED_AVAILABILITY = YES_AGGRESSIVE;
				CLANG_WARN_UNREACHABLE_CODE = YES;
				CLANG_WARN__DUPLICATE_METHOD_MATCH = YES;
				COPY_PHASE_STRIP = NO;
				DEBUG_INFORMATION_FORMAT = "dwarf-with-dsym";
				ENABLE_NS_ASSERTIONS = NO;
				ENABLE_STRICT_OBJC_MSGSEND = YES;
				GCC_C_LANGUAGE_STANDARD = gnu11;
				GCC_NO_COMMON_BLOCKS = YES;
				GCC_WARN_64_TO_32_BIT_CONVERSION = YES;
				GCC_WARN_ABOUT_RETURN_TYPE = YES_ERROR;
				GCC_WARN_UNDECLARED_SELECTOR = YES;
				GCC_WARN_UNINITIALIZED_AUTOS = YES_AGGRESSIVE;
				GCC_WARN_UNUSED_FUNCTION = YES;
				GCC_WARN_UNUSED_VARIABLE = YES;
				IPHONEOS_DEPLOYMENT_TARGET = 16.4;
				MTL_ENABLE_DEBUG_INFO = NO;
				MTL_FAST_MATH = YES;
				SDKROOT = iphoneos;
				SWIFT_COMPILATION_MODE = wholemodule;
				SWIFT_OPTIMIZATION_LEVEL = "-O";
				VALIDATE_PRODUCT = YES;
			};
			name = Release;
		};
		4015EC152AA7190D005DDFF6 /* Debug */ = {
			isa = XCBuildConfiguration;
			baseConfigurationReference = 45752E343ABEBAE0D71B63D2 /* Pods-photoApp.debug.xcconfig */;
			buildSettings = {
				ASSETCATALOG_COMPILER_APPICON_NAME = AppIcon;
				ASSETCATALOG_COMPILER_GLOBAL_ACCENT_COLOR_NAME = AccentColor;
				CODE_SIGN_STYLE = Automatic;
				CURRENT_PROJECT_VERSION = 1;
				DEVELOPMENT_TEAM = 3A99Y36UJP;
				GENERATE_INFOPLIST_FILE = YES;
				INFOPLIST_FILE = photoApp/Info.plist;
				INFOPLIST_KEY_UIApplicationSupportsIndirectInputEvents = YES;
				INFOPLIST_KEY_UILaunchStoryboardName = LaunchScreen;
				INFOPLIST_KEY_UIMainStoryboardFile = Main;
				INFOPLIST_KEY_UISupportedInterfaceOrientations_iPad = "UIInterfaceOrientationPortrait UIInterfaceOrientationPortraitUpsideDown UIInterfaceOrientationLandscapeLeft UIInterfaceOrientationLandscapeRight";
				INFOPLIST_KEY_UISupportedInterfaceOrientations_iPhone = "UIInterfaceOrientationPortrait UIInterfaceOrientationLandscapeLeft UIInterfaceOrientationLandscapeRight";
				LD_RUNPATH_SEARCH_PATHS = (
					"$(inherited)",
					"@executable_path/Frameworks",
				);
				MARKETING_VERSION = 1.0;
				PRODUCT_BUNDLE_IDENTIFIER = com.alihanhoylu.photoApp;
				PRODUCT_NAME = "$(TARGET_NAME)";
				SWIFT_EMIT_LOC_STRINGS = YES;
				SWIFT_VERSION = 5.0;
				TARGETED_DEVICE_FAMILY = "1,2";
			};
			name = Debug;
		};
		4015EC162AA7190D005DDFF6 /* Release */ = {
			isa = XCBuildConfiguration;
			baseConfigurationReference = C53AEC3CC78122AE56B919B5 /* Pods-photoApp.release.xcconfig */;
			buildSettings = {
				ASSETCATALOG_COMPILER_APPICON_NAME = AppIcon;
				ASSETCATALOG_COMPILER_GLOBAL_ACCENT_COLOR_NAME = AccentColor;
				CODE_SIGN_STYLE = Automatic;
				CURRENT_PROJECT_VERSION = 1;
				DEVELOPMENT_TEAM = 3A99Y36UJP;
				GENERATE_INFOPLIST_FILE = YES;
				INFOPLIST_FILE = photoApp/Info.plist;
				INFOPLIST_KEY_UIApplicationSupportsIndirectInputEvents = YES;
				INFOPLIST_KEY_UILaunchStoryboardName = LaunchScreen;
				INFOPLIST_KEY_UIMainStoryboardFile = Main;
				INFOPLIST_KEY_UISupportedInterfaceOrientations_iPad = "UIInterfaceOrientationPortrait UIInterfaceOrientationPortraitUpsideDown UIInterfaceOrientationLandscapeLeft UIInterfaceOrientationLandscapeRight";
				INFOPLIST_KEY_UISupportedInterfaceOrientations_iPhone = "UIInterfaceOrientationPortrait UIInterfaceOrientationLandscapeLeft UIInterfaceOrientationLandscapeRight";
				LD_RUNPATH_SEARCH_PATHS = (
					"$(inherited)",
					"@executable_path/Frameworks",
				);
				MARKETING_VERSION = 1.0;
				PRODUCT_BUNDLE_IDENTIFIER = com.alihanhoylu.photoApp;
				PRODUCT_NAME = "$(TARGET_NAME)";
				SWIFT_EMIT_LOC_STRINGS = YES;
				SWIFT_VERSION = 5.0;
				TARGETED_DEVICE_FAMILY = "1,2";
			};
			name = Release;
		};
/* End XCBuildConfiguration section */

/* Begin XCConfigurationList section */
		4015EBF82AA7190D005DDFF6 /* Build configuration list for PBXProject "photoApp" */ = {
			isa = XCConfigurationList;
			buildConfigurations = (
				4015EC122AA7190D005DDFF6 /* Debug */,
				4015EC132AA7190D005DDFF6 /* Release */,
			);
			defaultConfigurationIsVisible = 0;
			defaultConfigurationName = Release;
		};
		4015EC142AA7190D005DDFF6 /* Build configuration list for PBXNativeTarget "photoApp" */ = {
			isa = XCConfigurationList;
			buildConfigurations = (
				4015EC152AA7190D005DDFF6 /* Debug */,
				4015EC162AA7190D005DDFF6 /* Release */,
			);
			defaultConfigurationIsVisible = 0;
			defaultConfigurationName = Release;
		};
/* End XCConfigurationList section */

/* Begin XCVersionGroup section */
		4015EC092AA7190D005DDFF6 /* photoApp.xcdatamodeld */ = {
			isa = XCVersionGroup;
			children = (
				4015EC0A2AA7190D005DDFF6 /* photoApp.xcdatamodel */,
			);
			currentVersion = 4015EC0A2AA7190D005DDFF6 /* photoApp.xcdatamodel */;
			path = photoApp.xcdatamodeld;
			sourceTree = "<group>";
			versionGroupType = wrapper.xcdatamodel;
		};
/* End XCVersionGroup section */
	};
	rootObject = 4015EBF52AA7190D005DDFF6 /* Project object */;
}
